
Microsoft Visual Studio Solution File, Format Version 12.00
# Visual Studio 14
VisualStudioVersion = 14.0.25420.1
MinimumVisualStudioVersion = 10.0.40219.1
Project("{2150E333-8FDC-42A3-9474-1A3956D46DE8}") = "src", "src", "{05F97974-FC4B-4E25-8748-615758D50D87}"
EndProject
Project("{2150E333-8FDC-42A3-9474-1A3956D46DE8}") = "Solution Items", "Solution Items", "{ABD19C5F-E01C-4831-8B01-4D868350F457}"
	ProjectSection(SolutionItems) = preProject
		global.json = global.json
	EndProjectSection
EndProject
Project("{8BB2217D-0F2D-49D1-97BC-3654ED321F3B}") = "ContosoUniversity", "src\ContosoUniversity\ContosoUniversity.xproj", "{EA096717-B6FB-4565-9DDA-1C1E51A87BD2}"
EndProject
Global
	GlobalSection(SolutionConfigurationPlatforms) = preSolution
		Debug|Any CPU = Debug|Any CPU
		Release|Any CPU = Release|Any CPU
	EndGlobalSection
	GlobalSection(ProjectConfigurationPlatforms) = postSolution
		{EA096717-B6FB-4565-9DDA-1C1E51A87BD2}.Debug|Any CPU.ActiveCfg = Debug|Any CPU
		{EA096717-B6FB-4565-9DDA-1C1E51A87BD2}.Debug|Any CPU.Build.0 = Debug|Any CPU
		{EA096717-B6FB-4565-9DDA-1C1E51A87BD2}.Release|Any CPU.ActiveCfg = Release|Any CPU
		{EA096717-B6FB-4565-9DDA-1C1E51A87BD2}.Release|Any CPU.Build.0 = Release|Any CPU
	EndGlobalSection
	GlobalSection(SolutionProperties) = preSolution
		HideSolutionNode = FALSE
	EndGlobalSection
	GlobalSection(NestedProjects) = preSolution
		{EA096717-B6FB-4565-9DDA-1C1E51A87BD2} = {05F97974-FC4B-4E25-8748-615758D50D87}
	EndGlobalSection
EndGlobal
